
Microsoft Visual Studio Solution File, Format Version 12.00
# Visual Studio Version 17
VisualStudioVersion = 17.11.35219.272
MinimumVisualStudioVersion = 10.0.40219.1
Project("{888888A0-9F3D-457C-B088-3A5042F75D52}") = "MoviePlayer", "MoviePlayer\MoviePlayer.pyproj", "{E70FA30D-D85A-430B-8C01-9E1E2502FE0E}"
EndProject
Global
	GlobalSection(SolutionConfigurationPlatforms) = preSolution
		Debug|Any CPU = Debug|Any CPU
		Release|Any CPU = Release|Any CPU
	EndGlobalSection
	GlobalSection(ProjectConfigurationPlatforms) = postSolution
		{E70FA30D-D85A-430B-8C01-9E1E2502FE0E}.Debug|Any CPU.ActiveCfg = Debug|Any CPU
		{E70FA30D-D85A-430B-8C01-9E1E2502FE0E}.Release|Any CPU.ActiveCfg = Release|Any CPU
	EndGlobalSection
	GlobalSection(SolutionProperties) = preSolution
		HideSolutionNode = FALSE
	EndGlobalSection
	GlobalSection(ExtensibilityGlobals) = postSolution
		SolutionGuid = {D2B8DE15-6E83-4AB5-870B-F70983BB3C64}
	EndGlobalSection
EndGlobal
